
Microsoft Visual Studio Solution File, Format Version 12.00
# Visual Studio Version 17
VisualStudioVersion = 17.9.34714.143
MinimumVisualStudioVersion = 10.0.40219.1
Project("{FAE04EC0-301F-11D3-BF4B-00C04F79EFBC}") = "WindowsFormsApp1", "WindowsFormsApp1\WindowsFormsApp1.csproj", "{9B6B2412-0B4C-4F99-99EF-D4BF8B9BA5BE}"
EndProject
Global
	GlobalSection(SolutionConfigurationPlatforms) = preSolution
		Debug|Any CPU = Debug|Any CPU
		Release|Any CPU = Release|Any CPU
	EndGlobalSection
	GlobalSection(ProjectConfigurationPlatforms) = postSolution
		{9B6B2412-0B4C-4F99-99EF-D4BF8B9BA5BE}.Debug|Any CPU.ActiveCfg = Debug|Any CPU
		{9B6B2412-0B4C-4F99-99EF-D4BF8B9BA5BE}.Debug|Any CPU.Build.0 = Debug|Any CPU
		{9B6B2412-0B4C-4F99-99EF-D4BF8B9BA5BE}.Release|Any CPU.ActiveCfg = Release|Any CPU
		{9B6B2412-0B4C-4F99-99EF-D4BF8B9BA5BE}.Release|Any CPU.Build.0 = Release|Any CPU
	EndGlobalSection
	GlobalSection(SolutionProperties) = preSolution
		HideSolutionNode = FALSE
	EndGlobalSection
	GlobalSection(ExtensibilityGlobals) = postSolution
		SolutionGuid = {78E156B0-8BCD-4672-AF1D-E73DD15147B0}
	EndGlobalSection
EndGlobal
